# This file was autogenerated by Stack.
# You should not edit this file by hand.
# For more information, please see the documentation at:
#   https://docs.haskellstack.org/en/stable/lock_files

packages:
- completed:
    hackage: polysemy-1.9.1.3@sha256:a830e7b6974f827570f86ccf16dc117225d15b52b18fd44be95cccc781419528,4863
    pantry-tree:
      sha256: 34760914f6b614b129bb7a6d6dca31ad85c37264496d45fd257aa253a8d4896f
      size: 4233
  original:
    hackage: polysemy-1.9.1.3
snapshots:
- completed:
    sha256: 9bebedd3de0195aa01fd55de7f6d4446667440297a7315e69cd72c2610af265f
    size: 713338
    url: https://raw.githubusercontent.com/commercialhaskell/stackage-snapshots/master/lts/22/18.yaml
  original: lts-22.18
